version = 1
requires-python = ">=3.13"

[[package]]
name = "aiosqlite"
version = "0.21.0"
source = { registry = "https://pypi.org/simple" }
dependencies = [
    { name = "typing-extensions" },
]
sdist = { url = "https://files.pythonhosted.org/packages/13/7d/8bca2bf9a247c2c5dfeec1d7a5f40db6518f88d314b8bca9da29670d2671/aiosqlite-0.21.0.tar.gz", hash = "sha256:131bb8056daa3bc875608c631c678cda73922a2d4ba8aec373b19f18c17e7aa3", size = 13454 }
wheels = [
    { url = "https://files.pythonhosted.org/packages/f5/10/6c25ed6de94c49f88a91fa5018cb4c0f3625f31d5be9f771ebe5cc7cd506/aiosqlite-0.21.0-py3-none-any.whl", hash = "sha256:2549cf4057f95f53dcba16f2b64e8e2791d7e1adedb13197dd8ed77bb226d7d0", size = 15792 },
]

[[package]]
name = "anyio"
version = "4.12.0"
source = { registry = "https://pypi.org/simple" }
dependencies = [
    { name = "idna" },
]
sdist = { url = "https://files.pythonhosted.org/packages/16/ce/8a777047513153587e5434fd752e89334ac33e379aa3497db860eeb60377/anyio-4.12.0.tar.gz", hash = "sha256:73c693b567b0c55130c104d0b43a9baf3aa6a31fc6110116509f27bf75e21ec0", size = 228266 }
wheels = [
    { url = "https://files.pythonhosted.org/packages/7f/9c/36c5c37947ebfb8c7f22e0eb6e4d188ee2d53aa3880f3f2744fb894f0cb1/anyio-4.12.0-py3-none-any.whl", hash = "sha256:dad2376a628f98eeca4881fc56cd06affd18f659b17a747d3ff0307ced94b1bb", size = 113362 },
]

[[package]]
name = "apify-client"
version = "2.3.0"
source = { registry = "https://pypi.org/simple" }
dependencies = [
    { name = "apify-shared" },
    { name = "colorama" },
    { name = "impit" },
    { name = "more-itertools" },
]
sdist = { url = "https://files.pythonhosted.org/packages/dd/e3/08c1eb269d4559e5c01343347c913423c24efd425f0c2bd9f743e28c8a86/apify_client-2.3.0.tar.gz", hash = "sha256:ff6d32e27d5205343e89057ac0e0c02b53a9219ccedfd30a3c4d70d13d931488", size = 389101 }
wheels = [
    { url = "https://files.pythonhosted.org/packages/26/b6/6dabe41804932e020557450abc8bc74725a942c6f08969021efe965d4260/apify_client-2.3.0-py3-none-any.whl", hash = "sha256:6ae9b1461c2a15ab19c6131bfcab55be9362259cced9b254b827b4c3b6c12d40", size = 85996 },
]

[[package]]
name = "apify-shared"
version = "2.1.0"
source = { registry = "https://pypi.org/simple" }
sdist = { url = "https://files.pythonhosted.org/packages/66/88/5283f9ffad85751b7501ae56aa500db26b149dc51ed8cc6025304ecfc5fc/apify_shared-2.1.0.tar.gz", hash = "sha256:95b603454788189e9c6fa98af0e311d78033178db1434a4f0690fac40467aae0", size = 46982 }
wheels = [
    { url = "https://files.pythonhosted.org/packages/76/50/3ae064870ae0e302909e215ba30a681d1ddc3c067c2242cae596c921817d/apify_shared-2.1.0-py3-none-any.whl", hash = "sha256:f6dacf375ae07fd72c1fa1daa64e5265b6cab1b05a98df077b7de0ec2077f7c3", size = 16489 },
]

[[package]]
name = "certifi"
version = "2025.11.12"
source = { registry = "https://pypi.org/simple" }
sdist = { url = "https://files.pythonhosted.org/packages/a2/8c/58f469717fa48465e4a50c014a0400602d3c437d7c0c468e17ada824da3a/certifi-2025.11.12.tar.gz", hash = "sha256:d8ab5478f2ecd78af242878415affce761ca6bc54a22a27e026d7c25357c3316", size = 160538 }
wheels = [
    { url = "https://files.pythonhosted.org/packages/70/7d/9bc192684cea499815ff478dfcdc13835ddf401365057044fb721ec6bddb/certifi-2025.11.12-py3-none-any.whl", hash = "sha256:97de8790030bbd5c2d96b7ec782fc2f7820ef8dba6db909ccf95449f2d062d4b", size = 159438 },
]

[[package]]
name = "colorama"
version = "0.4.6"
source = { registry = "https://pypi.org/simple" }
sdist = { url = "https://files.pythonhosted.org/packages/d8/53/6f443c9a4a8358a93a6792e2acffb9d9d5cb0a5cfd8802644b7b1c9a02e4/colorama-0.4.6.tar.gz", hash = "sha256:08695f5cb7ed6e0531a20572697297273c47b8cae5a63ffc6d6ed5c201be6e44", size = 27697 }
wheels = [
    { url = "https://files.pythonhosted.org/packages/d1/d6/3965ed04c63042e047cb6a3e6ed1a63a35087b6a609aa3a15ed8ac56c221/colorama-0.4.6-py2.py3-none-any.whl", hash = "sha256:4f1d9991f5acc0ca119f9d443620b77f9d6b33703e51011c16baf57afb285fc6", size = 25335 },
]

[[package]]
name = "ftl2"
version = "0.0.1"
source = { virtual = "." }
dependencies = [
    { name = "aiosqlite" },
    { name = "apify-client" },
    { name = "httpx" },
    { name = "python-dotenv" },
]

[package.dev-dependencies]
dev = [
    { name = "ruff" },
]

[package.metadata]
requires-dist = [
    { name = "aiosqlite", specifier = ">=0.21.0" },
    { name = "apify-client", specifier = ">=2.3.0" },
    { name = "httpx", specifier = ">=0.28.1" },
    { name = "python-dotenv", specifier = ">=1.2.1" },
]

[package.metadata.requires-dev]
dev = [{ name = "ruff", specifier = ">=0.14.7" }]

[[package]]
name = "h11"
version = "0.16.0"
source = { registry = "https://pypi.org/simple" }
sdist = { url = "https://files.pythonhosted.org/packages/01/ee/02a2c011bdab74c6fb3c75474d40b3052059d95df7e73351460c8588d963/h11-0.16.0.tar.gz", hash = "sha256:4e35b956cf45792e4caa5885e69fba00bdbc6ffafbfa020300e549b208ee5ff1", size = 101250 }
wheels = [
    { url = "https://files.pythonhosted.org/packages/04/4b/29cac41a4d98d144bf5f6d33995617b185d14b22401f75ca86f384e87ff1/h11-0.16.0-py3-none-any.whl", hash = "sha256:63cf8bbe7522de3bf65932fda1d9c2772064ffb3dae62d55932da54b31cb6c86", size = 37515 },
]

[[package]]
name = "httpcore"
version = "1.0.9"
source = { registry = "https://pypi.org/simple" }
dependencies = [
    { name = "certifi" },
    { name = "h11" },
]
sdist = { url = "https://files.pythonhosted.org/packages/06/94/82699a10bca87a5556c9c59b5963f2d039dbd239f25bc2a63907a05a14cb/httpcore-1.0.9.tar.gz", hash = "sha256:6e34463af53fd2ab5d807f399a9b45ea31c3dfa2276f15a2c3f00afff6e176e8", size = 85484 }
wheels = [
    { url = "https://files.pythonhosted.org/packages/7e/f5/f66802a942d491edb555dd61e3a9961140fd64c90bce1eafd741609d334d/httpcore-1.0.9-py3-none-any.whl", hash = "sha256:2d400746a40668fc9dec9810239072b40b4484b640a8c38fd654a024c7a1bf55", size = 78784 },
]

[[package]]
name = "httpx"
version = "0.28.1"
source = { registry = "https://pypi.org/simple" }
dependencies = [
    { name = "anyio" },
    { name = "certifi" },
    { name = "httpcore" },
    { name = "idna" },
]
sdist = { url = "https://files.pythonhosted.org/packages/b1/df/48c586a5fe32a0f01324ee087459e112ebb7224f646c0b5023f5e79e9956/httpx-0.28.1.tar.gz", hash = "sha256:75e98c5f16b0f35b567856f597f06ff2270a374470a5c2392242528e3e3e42fc", size = 141406 }
wheels = [
    { url = "https://files.pythonhosted.org/packages/2a/39/e50c7c3a983047577ee07d2a9e53faf5a69493943ec3f6a384bdc792deb2/httpx-0.28.1-py3-none-any.whl", hash = "sha256:d909fcccc110f8c7faf814ca82a9a4d816bc5a6dbfea25d6591d6985b8ba59ad", size = 73517 },
]

[[package]]
name = "idna"
version = "3.11"
source = { registry = "https://pypi.org/simple" }
sdist = { url = "https://files.pythonhosted.org/packages/6f/6d/0703ccc57f3a7233505399edb88de3cbd678da106337b9fcde432b65ed60/idna-3.11.tar.gz", hash = "sha256:795dafcc9c04ed0c1fb032c2aa73654d8e8c5023a7df64a53f39190ada629902", size = 194582 }
wheels = [
    { url = "https://files.pythonhosted.org/packages/0e/61/66938bbb5fc52dbdf84594873d5b51fb1f7c7794e9c0f5bd885f30bc507b/idna-3.11-py3-none-any.whl", hash = "sha256:771a87f49d9defaf64091e6e6fe9c18d4833f140bd19464795bc32d966ca37ea", size = 71008 },
]

[[package]]
name = "impit"
version = "0.9.3"
source = { registry = "https://pypi.org/simple" }
sdist = { url = "https://files.pythonhosted.org/packages/21/90/3a532e477ad99f85d3a3eff909b83e6e74c895b4618771b6017a70955719/impit-0.9.3.tar.gz", hash = "sha256:09ce214caf91b2bede23babc9101ab2277623ab1c9cabe4c117ce3eb012e8b38", size = 127799 }
wheels = [
    { url = "https://files.pythonhosted.org/packages/a8/50/232509b594e6f0a8761fc8636991318990bf36d86d3e7cef95c9c4625878/impit-0.9.3-cp313-cp313-macosx_10_12_x86_64.whl", hash = "sha256:66f7e1be944d4f0497e13557ca0e88bf0155764fda9be55020150902449c2784", size = 3995679 },
    { url = "https://files.pythonhosted.org/packages/d6/8b/c57f11375e0bb33fcb4c4f32fe2f8cab15867059a0d586b986248a99adb3/impit-0.9.3-cp313-cp313-macosx_11_0_arm64.whl", hash = "sha256:8a49e1995ce1bd4f0519e0615a20cbb74d56ace283063cd3a5e39dfd48cc9325", size = 3837741 },
    { url = "https://files.pythonhosted.org/packages/1e/75/2857716cbdfc6cec8dc6f5ef6ec05316767cbe30f27e4dcdd6fd5f50afbb/impit-0.9.3-cp313-cp313-manylinux_2_17_x86_64.manylinux2014_x86_64.whl", hash = "sha256:9a7b05d7c1a91b256e7e628405b0b9542668ca63d0c9dad88414d8c905c56521", size = 6250416 },
    { url = "https://files.pythonhosted.org/packages/68/c9/8b2dabd50434b93a2be7e5ffe5476aaed3cfc2d9d8af8b731349149984d1/impit-0.9.3-cp313-cp313-manylinux_2_28_aarch64.whl", hash = "sha256:5722aa8e55056984dc9ded8c6a8ab5805e744adbaa34bcc3d9621b98b87d9664", size = 6291089 },
    { url = "https://files.pythonhosted.org/packages/0d/7f/114570045c614ad84720b9210d9d8019c64072c8162db636d2019f73c612/impit-0.9.3-cp313-cp313-musllinux_1_2_aarch64.whl", hash = "sha256:1c80f08286e399cbbe23396b4d825e86a9c61fe3283cec9670bc71dc0f08a81b", size = 6679904 },
    { url = "https://files.pythonhosted.org/packages/79/cf/34734215b279029365a32ef3d75c83daa579c02e089da9ceff36a8edb1c9/impit-0.9.3-cp313-cp313-musllinux_1_2_x86_64.whl", hash = "sha256:08a8a92f56f3ef8956b27f981221413749c22859d0da79448ab86c4a119bc19b", size = 6474808 },
    { url = "https://files.pythonhosted.org/packages/c7/23/6f55fc213d9976dff03bcdc2da8c47c3dde363d8231b2750d27991be48e5/impit-0.9.3-cp313-cp313-win_amd64.whl", hash = "sha256:d35ad8c630cc5a4de0b0b3315e76b5e445ec5af5361e990e0758244eeb709ee0", size = 4031012 },
    { url = "https://files.pythonhosted.org/packages/92/ce/e7a95984c920fbabacd2e7774c3d7730ca1ec0576c90f8f69234367f1387/impit-0.9.3-cp313-cp313t-macosx_10_12_x86_64.whl", hash = "sha256:ca877bf6b4f180a7f086b8e56772b0cef31e7d63005f5b3884afa58fca270cc6", size = 3996280 },
    { url = "https://files.pythonhosted.org/packages/6b/03/fd99e0b7a29589119e6ffcc41f4b2fd8ec3bdcd296fc832e6f7a581baa5c/impit-0.9.3-cp313-cp313t-macosx_11_0_arm64.whl", hash = "sha256:385eb7132266c7e84bb43a130459b5274d0eeed3f8c50a07a300ef453ad863e3", size = 3838732 },
    { url = "https://files.pythonhosted.org/packages/e7/38/1f04b98c249d396928798020219cf413396adef4a366ba71888150d34f58/impit-0.9.3-cp313-cp313t-manylinux_2_17_x86_64.manylinux2014_x86_64.whl", hash = "sha256:6361ffdc0c121b86d48578f007935fdd99663a08d7a59422dbd782b5a60e8028", size = 6251602 },
    { url = "https://files.pythonhosted.org/packages/38/5f/52ab85171725a937a13bf2167ab4c2e8ff4a0f03858ed09e244cb62fa804/impit-0.9.3-cp313-cp313t-manylinux_2_28_aarch64.whl", hash = "sha256:71b002596349dd726529658244e2ff09d3168085dfe1ac44a1206fb10af7b9cb", size = 6291733 },
    { url = "https://files.pythonhosted.org/packages/74/38/d4ade47bb236a7f6a41a309798171dbb59fece346414449311051731c2f1/impit-0.9.3-cp313-cp313t-musllinux_1_2_aarch64.whl", hash = "sha256:0ca675706174b0b6927a60406cab13f2f381b2c5429956568eb4da7f91943570", size = 6679556 },
    { url = "https://files.pythonhosted.org/packages/8b/2d/573d5c16531410940945b0157bc256a6ee413e5f8ee0aa1de574ccb51aac/impit-0.9.3-cp313-cp313t-musllinux_1_2_x86_64.whl", hash = "sha256:ff1c93640c2e64b07efc1450ce168b1aade889a898814d70166e271b0c649ba5", size = 6476272 },
    { url = "https://files.pythonhosted.org/packages/58/40/8d1984107316370454714906073422edfd4008ac0f1d879bf2c4db30d7ed/impit-0.9.3-cp314-cp314-macosx_10_12_x86_64.whl", hash = "sha256:81f3df8312fe9e70149355cee5cee77003e3c8e57db839fe250b497e0f4fff9b", size = 3995884 },
    { url = "https://files.pythonhosted.org/packages/b2/41/d32f732b32f130a47d31afb0acc03bb1f23987a6527e88b1755fa537d235/impit-0.9.3-cp314-cp314-macosx_11_0_arm64.whl", hash = "sha256:3df7894d4fc8ebf239fc891a71226b45c6df3b602c51aa58dbfb95ddfe6ff739", size = 3838513 },
    { url = "https://files.pythonhosted.org/packages/8a/ed/4490a880eb88f305b09c4b86fa2ac16f4c7473b1640e560b173f82281834/impit-0.9.3-cp314-cp314-manylinux_2_17_x86_64.manylinux2014_x86_64.whl", hash = "sha256:92f264c035cbbda56e3378aa54c5ac9d68acd011d95d6737edcbe441c2c101ac", size = 6250826 },
    { url = "https://files.pythonhosted.org/packages/e6/f4/c1951f15f0ea49d2b4eb2886582f81cec1c7b123a6b224446813811e06b7/impit-0.9.3-cp314-cp314-manylinux_2_28_aarch64.whl", hash = "sha256:1cd6135b92990b9a84b85552ee5337ea1269a24f1fb565bf42e9f5d4b468970c", size = 6291265 },
    { url = "https://files.pythonhosted.org/packages/80/f0/7c33e3b07ca3299e862465e86cdef044bdee67abc896d71b8bc6a6c906bb/impit-0.9.3-cp314-cp314-musllinux_1_2_aarch64.whl", hash = "sha256:4f41cf5fb45bcda5ebeedc9a6b932dac392bfd5fb62663f865b479332d1b3372", size = 6679250 },
    { url = "https://files.pythonhosted.org/packages/d0/9c/ff0c8cdff1547a32314d78cf1d914fd96d90ef1e6dc3071c5cbb48e88482/impit-0.9.3-cp314-cp314-musllinux_1_2_x86_64.whl", hash = "sha256:441268dabb59db87b51336e50bbdc5de57fecfb01dd7846d0db80860ffe5032b", size = 6475061 },
    { url = "https://files.pythonhosted.org/packages/54/e4/f8a0c6dd68032427e571d2bf4159da6fa1533a22f188e5791d175666bb60/impit-0.9.3-cp314-cp314-win_amd64.whl", hash = "sha256:d1b629600b1085f7c90ff84cb11cef039cef7add738b9d6de6dd6323f8fe7b40", size = 4031250 },
    { url = "https://files.pythonhosted.org/packages/7a/3f/4d6f39232f162610c19ef5db48358c1bfe3e92ecbc284f7b0253638783b4/impit-0.9.3-cp314-cp314t-macosx_10_12_x86_64.whl", hash = "sha256:db90cb820688d83b5e6792dcf4dc65edb4c73c42a7bd42bce947c0390945e17b", size = 3996498 },
    { url = "https://files.pythonhosted.org/packages/cf/50/4ccccc8da63a2294c3e6ec6c244e05897225fc11353c8d1163fbe9919b9f/impit-0.9.3-cp314-cp314t-macosx_11_0_arm64.whl", hash = "sha256:aa2618defeebebc68efc56ff4f95ad3829f3d2babbbe0c50893b0b3018941e7f", size = 3837907 },
    { url = "https://files.pythonhosted.org/packages/37/7f/3b5a9ac527a89f01fa0fd4e2fa797e05c1940159cb2dba877a8245f5ff68/impit-0.9.3-cp314-cp314t-manylinux_2_17_x86_64.manylinux2014_x86_64.whl", hash = "sha256:ac59ffa8977d9a49e2a30a8c8b35d1be57444edf6dc7374fea4559301b6b18a2", size = 6251494 },
    { url = "https://files.pythonhosted.org/packages/07/e8/2cc33487229d660aebae8f253c28852efb787a20022e7d4d9e953a21ba5f/impit-0.9.3-cp314-cp314t-manylinux_2_28_aarch64.whl", hash = "sha256:875eb71999f913fdf8d0c51f2c93422784988f1d5763e9fbbf08a0252e4d210c", size = 6291587 },
    { url = "https://files.pythonhosted.org/packages/07/a6/5a4496c12b60e503b09ec2f7560752f04c48ff35abdd3aabfd8413d6cb54/impit-0.9.3-cp314-cp314t-musllinux_1_2_aarch64.whl", hash = "sha256:08fcdcafad1667925383154d22e7633deab3008246b3c064f6d46a08b14aa5cf", size = 6679277 },
    { url = "https://files.pythonhosted.org/packages/fe/ff/ba31bb3e0fa715251f3c9f344644a77a0a2294b0a8d3409ff53920c59fba/impit-0.9.3-cp314-cp314t-musllinux_1_2_x86_64.whl", hash = "sha256:3b5383d7d0c3ea3fedf53416646da1570e1c0377037a8b294ca23cea14fe1c86", size = 6476703 },
]

[[package]]
name = "more-itertools"
version = "10.8.0"
source = { registry = "https://pypi.org/simple" }
sdist = { url = "https://files.pythonhosted.org/packages/ea/5d/38b681d3fce7a266dd9ab73c66959406d565b3e85f21d5e66e1181d93721/more_itertools-10.8.0.tar.gz", hash = "sha256:f638ddf8a1a0d134181275fb5d58b086ead7c6a72429ad725c67503f13ba30bd", size = 137431 }
wheels = [
    { url = "https://files.pythonhosted.org/packages/a4/8e/469e5a4a2f5855992e425f3cb33804cc07bf18d48f2db061aec61ce50270/more_itertools-10.8.0-py3-none-any.whl", hash = "sha256:52d4362373dcf7c52546bc4af9a86ee7c4579df9a8dc268be0a2f949d376cc9b", size = 69667 },
]

[[package]]
name = "python-dotenv"
version = "1.2.1"
source = { registry = "https://pypi.org/simple" }
sdist = { url = "https://files.pythonhosted.org/packages/f0/26/19cadc79a718c5edbec86fd4919a6b6d3f681039a2f6d66d14be94e75fb9/python_dotenv-1.2.1.tar.gz", hash = "sha256:42667e897e16ab0d66954af0e60a9caa94f0fd4ecf3aaf6d2d260eec1aa36ad6", size = 44221 }
wheels = [
    { url = "https://files.pythonhosted.org/packages/14/1b/a298b06749107c305e1fe0f814c6c74aea7b2f1e10989cb30f544a1b3253/python_dotenv-1.2.1-py3-none-any.whl", hash = "sha256:b81ee9561e9ca4004139c6cbba3a238c32b03e4894671e181b671e8cb8425d61", size = 21230 },
]

[[package]]
name = "ruff"
version = "0.14.7"
source = { registry = "https://pypi.org/simple" }
sdist = { url = "https://files.pythonhosted.org/packages/b7/5b/dd7406afa6c95e3d8fa9d652b6d6dd17dd4a6bf63cb477014e8ccd3dcd46/ruff-0.14.7.tar.gz", hash = "sha256:3417deb75d23bd14a722b57b0a1435561db65f0ad97435b4cf9f85ffcef34ae5", size = 5727324 }
wheels = [
    { url = "https://files.pythonhosted.org/packages/8c/b1/7ea5647aaf90106f6d102230e5df874613da43d1089864da1553b899ba5e/ruff-0.14.7-py3-none-linux_armv6l.whl", hash = "sha256:b9d5cb5a176c7236892ad7224bc1e63902e4842c460a0b5210701b13e3de4fca", size = 13414475 },
    { url = "https://files.pythonhosted.org/packages/af/19/fddb4cd532299db9cdaf0efdc20f5c573ce9952a11cb532d3b859d6d9871/ruff-0.14.7-py3-none-macosx_10_12_x86_64.whl", hash = "sha256:3f64fe375aefaf36ca7d7250292141e39b4cea8250427482ae779a2aa5d90015", size = 13634613 },
    { url = "https://files.pythonhosted.org/packages/40/2b/469a66e821d4f3de0440676ed3e04b8e2a1dc7575cf6fa3ba6d55e3c8557/ruff-0.14.7-py3-none-macosx_11_0_arm64.whl", hash = "sha256:93e83bd3a9e1a3bda64cb771c0d47cda0e0d148165013ae2d3554d718632d554", size = 12765458 },
    { url = "https://files.pythonhosted.org/packages/f1/05/0b001f734fe550bcfde4ce845948ac620ff908ab7241a39a1b39bb3c5f49/ruff-0.14.7-py3-none-manylinux_2_17_aarch64.manylinux2014_aarch64.whl", hash = "sha256:3838948e3facc59a6070795de2ae16e5786861850f78d5914a03f12659e88f94", size = 13236412 },
    { url = "https://files.pythonhosted.org/packages/11/36/8ed15d243f011b4e5da75cd56d6131c6766f55334d14ba31cce5461f28aa/ruff-0.14.7-py3-none-manylinux_2_17_armv7l.manylinux2014_armv7l.whl", hash = "sha256:24c8487194d38b6d71cd0fd17a5b6715cda29f59baca1defe1e3a03240f851d1", size = 13182949 },
    { url = "https://files.pythonhosted.org/packages/3b/cf/fcb0b5a195455729834f2a6eadfe2e4519d8ca08c74f6d2b564a4f18f553/ruff-0.14.7-py3-none-manylinux_2_17_i686.manylinux2014_i686.whl", hash = "sha256:79c73db6833f058a4be8ffe4a0913b6d4ad41f6324745179bd2aa09275b01d0b", size = 13816470 },
    { url = "https://files.pythonhosted.org/packages/7f/5d/34a4748577ff7a5ed2f2471456740f02e86d1568a18c9faccfc73bd9ca3f/ruff-0.14.7-py3-none-manylinux_2_17_ppc64.manylinux2014_ppc64.whl", hash = "sha256:12eb7014fccff10fc62d15c79d8a6be4d0c2d60fe3f8e4d169a0d2def75f5dad", size = 15289621 },
    { url = "https://files.pythonhosted.org/packages/53/53/0a9385f047a858ba133d96f3f8e3c9c66a31cc7c4b445368ef88ebeac209/ruff-0.14.7-py3-none-manylinux_2_17_ppc64le.manylinux2014_ppc64le.whl", hash = "sha256:6c623bbdc902de7ff715a93fa3bb377a4e42dd696937bf95669118773dbf0c50", size = 14975817 },
    { url = "https://files.pythonhosted.org/packages/a8/d7/2f1c32af54c3b46e7fadbf8006d8b9bcfbea535c316b0bd8813d6fb25e5d/ruff-0.14.7-py3-none-manylinux_2_17_s390x.manylinux2014_s390x.whl", hash = "sha256:f53accc02ed2d200fa621593cdb3c1ae06aa9b2c3cae70bc96f72f0000ae97a9", size = 14284549 },
    { url = "https://files.pythonhosted.org/packages/92/05/434ddd86becd64629c25fb6b4ce7637dd52a45cc4a4415a3008fe61c27b9/ruff-0.14.7-py3-none-manylinux_2_17_x86_64.manylinux2014_x86_64.whl", hash = "sha256:281f0e61a23fcdcffca210591f0f53aafaa15f9025b5b3f9706879aaa8683bc4", size = 14071389 },
    { url = "https://files.pythonhosted.org/packages/ff/50/fdf89d4d80f7f9d4f420d26089a79b3bb1538fe44586b148451bc2ba8d9c/ruff-0.14.7-py3-none-manylinux_2_31_riscv64.whl", hash = "sha256:dbbaa5e14148965b91cb090236931182ee522a5fac9bc5575bafc5c07b9f9682", size = 14202679 },
    { url = "https://files.pythonhosted.org/packages/77/54/87b34988984555425ce967f08a36df0ebd339bb5d9d0e92a47e41151eafc/ruff-0.14.7-py3-none-musllinux_1_2_aarch64.whl", hash = "sha256:1464b6e54880c0fe2f2d6eaefb6db15373331414eddf89d6b903767ae2458143", size = 13147677 },
    { url = "https://files.pythonhosted.org/packages/67/29/f55e4d44edfe053918a16a3299e758e1c18eef216b7a7092550d7a9ec51c/ruff-0.14.7-py3-none-musllinux_1_2_armv7l.whl", hash = "sha256:f217ed871e4621ea6128460df57b19ce0580606c23aeab50f5de425d05226784", size = 13151392 },
    { url = "https://files.pythonhosted.org/packages/36/69/47aae6dbd4f1d9b4f7085f4d9dcc84e04561ee7ad067bf52e0f9b02e3209/ruff-0.14.7-py3-none-musllinux_1_2_i686.whl", hash = "sha256:6be02e849440ed3602d2eb478ff7ff07d53e3758f7948a2a598829660988619e", size = 13412230 },
    { url = "https://files.pythonhosted.org/packages/b7/4b/6e96cb6ba297f2ba502a231cd732ed7c3de98b1a896671b932a5eefa3804/ruff-0.14.7-py3-none-musllinux_1_2_x86_64.whl", hash = "sha256:19a0f116ee5e2b468dfe80c41c84e2bbd6b74f7b719bee86c2ecde0a34563bcc", size = 14195397 },
    { url = "https://files.pythonhosted.org/packages/69/82/251d5f1aa4dcad30aed491b4657cecd9fb4274214da6960ffec144c260f7/ruff-0.14.7-py3-none-win32.whl", hash = "sha256:e33052c9199b347c8937937163b9b149ef6ab2e4bb37b042e593da2e6f6cccfa", size = 13126751 },
    { url = "https://files.pythonhosted.org/packages/a8/b5/d0b7d145963136b564806f6584647af45ab98946660d399ec4da79cae036/ruff-0.14.7-py3-none-win_amd64.whl", hash = "sha256:e17a20ad0d3fad47a326d773a042b924d3ac31c6ca6deb6c72e9e6b5f661a7c6", size = 14531726 },
    { url = "https://files.pythonhosted.org/packages/1d/d2/1637f4360ada6a368d3265bf39f2cf737a0aaab15ab520fc005903e883f8/ruff-0.14.7-py3-none-win_arm64.whl", hash = "sha256:be4d653d3bea1b19742fcc6502354e32f65cd61ff2fbdb365803ef2c2aec6228", size = 13609215 },
]

[[package]]
name = "typing-extensions"
version = "4.15.0"
source = { registry = "https://pypi.org/simple" }
sdist = { url = "https://files.pythonhosted.org/packages/72/94/1a15dd82efb362ac84269196e94cf00f187f7ed21c242792a923cdb1c61f/typing_extensions-4.15.0.tar.gz", hash = "sha256:0cea48d173cc12fa28ecabc3b837ea3cf6f38c6d1136f85cbaaf598984861466", size = 109391 }
wheels = [
    { url = "https://files.pythonhosted.org/packages/18/67/36e9267722cc04a6b9f15c7f3441c2363321a3ea07da7ae0c0707beb2a9c/typing_extensions-4.15.0-py3-none-any.whl", hash = "sha256:f0fa19c6845758ab08074a0cfa8b7aecb71c999ca73d62883bc25cc018c4e548", size = 44614 },
]
